// !$*UTF8*$!
{
	archiveVersion = 1;
	classes = {
	};
	objectVersion = 46;
	objects = {

/* Begin PBXBuildFile section */
		158B0B8DD4FCCD8CE3A85E44 /* Pods_FMaandag_pset6.framework in Frameworks */ = {isa = PBXBuildFile; fileRef = 2F272BC53E5D89CBD6582EF0 /* Pods_FMaandag_pset6.framework */; };
		212123CE1ED0B6F4006B5775 /* NewPlantViewController.swift in Sources */ = {isa = PBXBuildFile; fileRef = 212123CD1ED0B6F4006B5775 /* NewPlantViewController.swift */; };
		21621FD11ECF0643008EEDD2 /* AppDelegate.swift in Sources */ = {isa = PBXBuildFile; fileRef = 21621FD01ECF0643008EEDD2 /* AppDelegate.swift */; };
		21621FD31ECF0643008EEDD2 /* LoginViewController.swift in Sources */ = {isa = PBXBuildFile; fileRef = 21621FD21ECF0643008EEDD2 /* LoginViewController.swift */; };
		21621FD61ECF0643008EEDD2 /* Main.storyboard in Resources */ = {isa = PBXBuildFile; fileRef = 21621FD41ECF0643008EEDD2 /* Main.storyboard */; };
		21621FD81ECF0643008EEDD2 /* Assets.xcassets in Resources */ = {isa = PBXBuildFile; fileRef = 21621FD71ECF0643008EEDD2 /* Assets.xcassets */; };
		21621FDB1ECF0643008EEDD2 /* LaunchScreen.storyboard in Resources */ = {isa = PBXBuildFile; fileRef = 21621FD91ECF0643008EEDD2 /* LaunchScreen.storyboard */; };
		21621FE51ECF21CC008EEDD2 /* PlantsViewController.swift in Sources */ = {isa = PBXBuildFile; fileRef = 21621FE41ECF21CC008EEDD2 /* PlantsViewController.swift */; };
		21621FEA1ECF614C008EEDD2 /* GoogleService-Info.plist in Resources */ = {isa = PBXBuildFile; fileRef = 21621FE91ECF614C008EEDD2 /* GoogleService-Info.plist */; };
		21621FEC1ECF64BD008EEDD2 /* PlantTableViewCell.swift in Sources */ = {isa = PBXBuildFile; fileRef = 21621FEB1ECF64BD008EEDD2 /* PlantTableViewCell.swift */; };
		21621FEE1ECF6A59008EEDD2 /* PlantTypes.swift in Sources */ = {isa = PBXBuildFile; fileRef = 21621FED1ECF6A59008EEDD2 /* PlantTypes.swift */; };
		21621FF01ECF6B15008EEDD2 /* CurrentUser.swift in Sources */ = {isa = PBXBuildFile; fileRef = 21621FEF1ECF6B15008EEDD2 /* CurrentUser.swift */; };
		21621FF31ECF827B008EEDD2 /* FindPlantViewController.swift in Sources */ = {isa = PBXBuildFile; fileRef = 21621FF21ECF827A008EEDD2 /* FindPlantViewController.swift */; };
		21621FF51ECF83D3008EEDD2 /* FoundPlantTableViewCell.swift in Sources */ = {isa = PBXBuildFile; fileRef = 21621FF41ECF83D3008EEDD2 /* FoundPlantTableViewCell.swift */; };
		21E876EE1ED448000001CE28 /* MyPlantViewController.swift in Sources */ = {isa = PBXBuildFile; fileRef = 21E876ED1ED448000001CE28 /* MyPlantViewController.swift */; };
/* End PBXBuildFile section */

/* Begin PBXFileReference section */
		212123CD1ED0B6F4006B5775 /* NewPlantViewController.swift */ = {isa = PBXFileReference; fileEncoding = 4; lastKnownFileType = sourcecode.swift; path = NewPlantViewController.swift; sourceTree = "<group>"; };
		21621FCD1ECF0643008EEDD2 /* FMaandag-pset6.app */ = {isa = PBXFileReference; explicitFileType = wrapper.application; includeInIndex = 0; path = "FMaandag-pset6.app"; sourceTree = BUILT_PRODUCTS_DIR; };
		21621FD01ECF0643008EEDD2 /* AppDelegate.swift */ = {isa = PBXFileReference; lastKnownFileType = sourcecode.swift; path = AppDelegate.swift; sourceTree = "<group>"; };
		21621FD21ECF0643008EEDD2 /* LoginViewController.swift */ = {isa = PBXFileReference; lastKnownFileType = sourcecode.swift; path = LoginViewController.swift; sourceTree = "<group>"; };
		21621FD51ECF0643008EEDD2 /* Base */ = {isa = PBXFileReference; lastKnownFileType = file.storyboard; name = Base; path = Base.lproj/Main.storyboard; sourceTree = "<group>"; };
		21621FD71ECF0643008EEDD2 /* Assets.xcassets */ = {isa = PBXFileReference; lastKnownFileType = folder.assetcatalog; path = Assets.xcassets; sourceTree = "<group>"; };
		21621FDA1ECF0643008EEDD2 /* Base */ = {isa = PBXFileReference; lastKnownFileType = file.storyboard; name = Base; path = Base.lproj/LaunchScreen.storyboard; sourceTree = "<group>"; };
		21621FDC1ECF0643008EEDD2 /* Info.plist */ = {isa = PBXFileReference; lastKnownFileType = text.plist.xml; path = Info.plist; sourceTree = "<group>"; };
		21621FE41ECF21CC008EEDD2 /* PlantsViewController.swift */ = {isa = PBXFileReference; fileEncoding = 4; lastKnownFileType = sourcecode.swift; path = PlantsViewController.swift; sourceTree = "<group>"; };
		21621FE81ECF2638008EEDD2 /* FMaandag-pset6.entitlements */ = {isa = PBXFileReference; lastKnownFileType = text.plist.entitlements; path = "FMaandag-pset6.entitlements"; sourceTree = "<group>"; };
		21621FE91ECF614C008EEDD2 /* GoogleService-Info.plist */ = {isa = PBXFileReference; fileEncoding = 4; lastKnownFileType = text.plist.xml; path = "GoogleService-Info.plist"; sourceTree = SOURCE_ROOT; };
		21621FEB1ECF64BD008EEDD2 /* PlantTableViewCell.swift */ = {isa = PBXFileReference; fileEncoding = 4; lastKnownFileType = sourcecode.swift; path = PlantTableViewCell.swift; sourceTree = "<group>"; };
		21621FED1ECF6A59008EEDD2 /* PlantTypes.swift */ = {isa = PBXFileReference; fileEncoding = 4; lastKnownFileType = sourcecode.swift; path = PlantTypes.swift; sourceTree = "<group>"; };
		21621FEF1ECF6B15008EEDD2 /* CurrentUser.swift */ = {isa = PBXFileReference; fileEncoding = 4; lastKnownFileType = sourcecode.swift; path = CurrentUser.swift; sourceTree = "<group>"; };
		21621FF21ECF827A008EEDD2 /* FindPlantViewController.swift */ = {isa = PBXFileReference; fileEncoding = 4; lastKnownFileType = sourcecode.swift; path = FindPlantViewController.swift; sourceTree = "<group>"; };
		21621FF41ECF83D3008EEDD2 /* FoundPlantTableViewCell.swift */ = {isa = PBXFileReference; fileEncoding = 4; lastKnownFileType = sourcecode.swift; path = FoundPlantTableViewCell.swift; sourceTree = "<group>"; };
		21E876ED1ED448000001CE28 /* MyPlantViewController.swift */ = {isa = PBXFileReference; fileEncoding = 4; lastKnownFileType = sourcecode.swift; path = MyPlantViewController.swift; sourceTree = "<group>"; };
		2A8003012EA0451F129EF180 /* Pods-FMaandag-pset6.debug.xcconfig */ = {isa = PBXFileReference; includeInIndex = 1; lastKnownFileType = text.xcconfig; name = "Pods-FMaandag-pset6.debug.xcconfig"; path = "Pods/Target Support Files/Pods-FMaandag-pset6/Pods-FMaandag-pset6.debug.xcconfig"; sourceTree = "<group>"; };
		2F272BC53E5D89CBD6582EF0 /* Pods_FMaandag_pset6.framework */ = {isa = PBXFileReference; explicitFileType = wrapper.framework; includeInIndex = 0; path = Pods_FMaandag_pset6.framework; sourceTree = BUILT_PRODUCTS_DIR; };
		77C56DB14F294C631E666228 /* Pods-FMaandag-pset6.release.xcconfig */ = {isa = PBXFileReference; includeInIndex = 1; lastKnownFileType = text.xcconfig; name = "Pods-FMaandag-pset6.release.xcconfig"; path = "Pods/Target Support Files/Pods-FMaandag-pset6/Pods-FMaandag-pset6.release.xcconfig"; sourceTree = "<group>"; };
/* End PBXFileReference section */

/* Begin PBXFrameworksBuildPhase section */
		21621FCA1ECF0642008EEDD2 /* Frameworks */ = {
			isa = PBXFrameworksBuildPhase;
			buildActionMask = 2147483647;
			files = (
				158B0B8DD4FCCD8CE3A85E44 /* Pods_FMaandag_pset6.framework in Frameworks */,
			);
			runOnlyForDeploymentPostprocessing = 0;
		};
/* End PBXFrameworksBuildPhase section */

/* Begin PBXGroup section */
		21621FC41ECF0642008EEDD2 = {
			isa = PBXGroup;
			children = (
				21621FCF1ECF0643008EEDD2 /* FMaandag-pset6 */,
				21621FCE1ECF0643008EEDD2 /* Products */,
				BB728D493F737A715F4D63B1 /* Pods */,
				332CF3E83BDD196BC0567CB8 /* Frameworks */,
			);
			sourceTree = "<group>";
		};
		21621FCE1ECF0643008EEDD2 /* Products */ = {
			isa = PBXGroup;
			children = (
				21621FCD1ECF0643008EEDD2 /* FMaandag-pset6.app */,
			);
			name = Products;
			sourceTree = "<group>";
		};
		21621FCF1ECF0643008EEDD2 /* FMaandag-pset6 */ = {
			isa = PBXGroup;
			children = (
				21621FE91ECF614C008EEDD2 /* GoogleService-Info.plist */,
				21621FE81ECF2638008EEDD2 /* FMaandag-pset6.entitlements */,
				21621FD01ECF0643008EEDD2 /* AppDelegate.swift */,
				21621FD21ECF0643008EEDD2 /* LoginViewController.swift */,
				21621FE41ECF21CC008EEDD2 /* PlantsViewController.swift */,
				21E876ED1ED448000001CE28 /* MyPlantViewController.swift */,
				21621FF21ECF827A008EEDD2 /* FindPlantViewController.swift */,
				212123CD1ED0B6F4006B5775 /* NewPlantViewController.swift */,
				21621FEB1ECF64BD008EEDD2 /* PlantTableViewCell.swift */,
				21621FF41ECF83D3008EEDD2 /* FoundPlantTableViewCell.swift */,
				21621FED1ECF6A59008EEDD2 /* PlantTypes.swift */,
				21621FEF1ECF6B15008EEDD2 /* CurrentUser.swift */,
				21621FD71ECF0643008EEDD2 /* Assets.xcassets */,
				21621FD41ECF0643008EEDD2 /* Main.storyboard */,
				21621FD91ECF0643008EEDD2 /* LaunchScreen.storyboard */,
				21621FDC1ECF0643008EEDD2 /* Info.plist */,
			);
			path = "FMaandag-pset6";
			sourceTree = "<group>";
		};
		332CF3E83BDD196BC0567CB8 /* Frameworks */ = {
			isa = PBXGroup;
			children = (
				2F272BC53E5D89CBD6582EF0 /* Pods_FMaandag_pset6.framework */,
			);
			name = Frameworks;
			sourceTree = "<group>";
		};
		BB728D493F737A715F4D63B1 /* Pods */ = {
			isa = PBXGroup;
			children = (
				2A8003012EA0451F129EF180 /* Pods-FMaandag-pset6.debug.xcconfig */,
				77C56DB14F294C631E666228 /* Pods-FMaandag-pset6.release.xcconfig */,
			);
			name = Pods;
			sourceTree = "<group>";
		};
/* End PBXGroup section */

/* Begin PBXNativeTarget section */
		21621FCC1ECF0642008EEDD2 /* FMaandag-pset6 */ = {
			isa = PBXNativeTarget;
			buildConfigurationList = 21621FDF1ECF0643008EEDD2 /* Build configuration list for PBXNativeTarget "FMaandag-pset6" */;
			buildPhases = (
				77842A4C28F3696C055DBCB8 /* [CP] Check Pods Manifest.lock */,
				21621FC91ECF0642008EEDD2 /* Sources */,
				21621FCA1ECF0642008EEDD2 /* Frameworks */,
				21621FCB1ECF0642008EEDD2 /* Resources */,
				E82C0D41C050831C38DA6197 /* [CP] Embed Pods Frameworks */,
				2734FD9CCB2161739852EF8B /* [CP] Copy Pods Resources */,
			);
			buildRules = (
			);
			dependencies = (
			);
			name = "FMaandag-pset6";
			productName = "FMaandag-pset6";
			productReference = 21621FCD1ECF0643008EEDD2 /* FMaandag-pset6.app */;
			productType = "com.apple.product-type.application";
		};
/* End PBXNativeTarget section */

/* Begin PBXProject section */
		21621FC51ECF0642008EEDD2 /* Project object */ = {
			isa = PBXProject;
			attributes = {
				LastSwiftUpdateCheck = 0830;
				LastUpgradeCheck = 0830;
				ORGANIZATIONNAME = "Fien Maandag";
				TargetAttributes = {
					21621FCC1ECF0642008EEDD2 = {
						CreatedOnToolsVersion = 8.3;
						DevelopmentTeam = 8FQYY82D7T;
						ProvisioningStyle = Automatic;
						SystemCapabilities = {
							com.apple.Keychain = {
								enabled = 1;
							};
						};
					};
				};
			};
			buildConfigurationList = 21621FC81ECF0642008EEDD2 /* Build configuration list for PBXProject "FMaandag-pset6" */;
			compatibilityVersion = "Xcode 3.2";
			developmentRegion = English;
			hasScannedForEncodings = 0;
			knownRegions = (
				en,
				Base,
			);
			mainGroup = 21621FC41ECF0642008EEDD2;
			productRefGroup = 21621FCE1ECF0643008EEDD2 /* Products */;
			projectDirPath = "";
			projectRoot = "";
			targets = (
				21621FCC1ECF0642008EEDD2 /* FMaandag-pset6 */,
			);
		};
/* End PBXProject section */

/* Begin PBXResourcesBuildPhase section */
		21621FCB1ECF0642008EEDD2 /* Resources */ = {
			isa = PBXResourcesBuildPhase;
			buildActionMask = 2147483647;
			files = (
				21621FDB1ECF0643008EEDD2 /* LaunchScreen.storyboard in Resources */,
				21621FEA1ECF614C008EEDD2 /* GoogleService-Info.plist in Resources */,
				21621FD81ECF0643008EEDD2 /* Assets.xcassets in Resources */,
				21621FD61ECF0643008EEDD2 /* Main.storyboard in Resources */,
			);
			runOnlyForDeploymentPostprocessing = 0;
		};
/* End PBXResourcesBuildPhase section */

/* Begin PBXShellScriptBuildPhase section */
		2734FD9CCB2161739852EF8B /* [CP] Copy Pods Resources */ = {
			isa = PBXShellScriptBuildPhase;
			buildActionMask = 2147483647;
			files = (
			);
			inputPaths = (
			);
			name = "[CP] Copy Pods Resources";
			outputPaths = (
			);
			runOnlyForDeploymentPostprocessing = 0;
			shellPath = /bin/sh;
			shellScript = "\"${SRCROOT}/Pods/Target Support Files/Pods-FMaandag-pset6/Pods-FMaandag-pset6-resources.sh\"\n";
			showEnvVarsInLog = 0;
		};
		77842A4C28F3696C055DBCB8 /* [CP] Check Pods Manifest.lock */ = {
			isa = PBXShellScriptBuildPhase;
			buildActionMask = 2147483647;
			files = (
			);
			inputPaths = (
			);
			name = "[CP] Check Pods Manifest.lock";
			outputPaths = (
			);
			runOnlyForDeploymentPostprocessing = 0;
			shellPath = /bin/sh;
			shellScript = "diff \"${PODS_ROOT}/../Podfile.lock\" \"${PODS_ROOT}/Manifest.lock\" > /dev/null\nif [ $? != 0 ] ; then\n    # print error to STDERR\n    echo \"error: The sandbox is not in sync with the Podfile.lock. Run 'pod install' or update your CocoaPods installation.\" >&2\n    exit 1\nfi\n";
			showEnvVarsInLog = 0;
		};
		E82C0D41C050831C38DA6197 /* [CP] Embed Pods Frameworks */ = {
			isa = PBXShellScriptBuildPhase;
			buildActionMask = 2147483647;
			files = (
			);
			inputPaths = (
			);
			name = "[CP] Embed Pods Frameworks";
			outputPaths = (
			);
			runOnlyForDeploymentPostprocessing = 0;
			shellPath = /bin/sh;
			shellScript = "\"${SRCROOT}/Pods/Target Support Files/Pods-FMaandag-pset6/Pods-FMaandag-pset6-frameworks.sh\"\n";
			showEnvVarsInLog = 0;
		};
/* End PBXShellScriptBuildPhase section */

/* Begin PBXSourcesBuildPhase section */
		21621FC91ECF0642008EEDD2 /* Sources */ = {
			isa = PBXSourcesBuildPhase;
			buildActionMask = 2147483647;
			files = (
				21621FEE1ECF6A59008EEDD2 /* PlantTypes.swift in Sources */,
				21621FD31ECF0643008EEDD2 /* LoginViewController.swift in Sources */,
				21E876EE1ED448000001CE28 /* MyPlantViewController.swift in Sources */,
				21621FF01ECF6B15008EEDD2 /* CurrentUser.swift in Sources */,
				212123CE1ED0B6F4006B5775 /* NewPlantViewController.swift in Sources */,
				21621FEC1ECF64BD008EEDD2 /* PlantTableViewCell.swift in Sources */,
				21621FF31ECF827B008EEDD2 /* FindPlantViewController.swift in Sources */,
				21621FE51ECF21CC008EEDD2 /* PlantsViewController.swift in Sources */,
				21621FF51ECF83D3008EEDD2 /* FoundPlantTableViewCell.swift in Sources */,
				21621FD11ECF0643008EEDD2 /* AppDelegate.swift in Sources */,
			);
			runOnlyForDeploymentPostprocessing = 0;
		};
/* End PBXSourcesBuildPhase section */

/* Begin PBXVariantGroup section */
		21621FD41ECF0643008EEDD2 /* Main.storyboard */ = {
			isa = PBXVariantGroup;
			children = (
				21621FD51ECF0643008EEDD2 /* Base */,
			);
			name = Main.storyboard;
			sourceTree = "<group>";
		};
		21621FD91ECF0643008EEDD2 /* LaunchScreen.storyboard */ = {
			isa = PBXVariantGroup;
			children = (
				21621FDA1ECF0643008EEDD2 /* Base */,
			);
			name = LaunchScreen.storyboard;
			sourceTree = "<group>";
		};
/* End PBXVariantGroup section */

/* Begin XCBuildConfiguration section */
		21621FDD1ECF0643008EEDD2 /* Debug */ = {
			isa = XCBuildConfiguration;
			buildSettings = {
				ALWAYS_SEARCH_USER_PATHS = NO;
				CLANG_ANALYZER_NONNULL = YES;
				CLANG_ANALYZER_NUMBER_OBJECT_CONVERSION = YES_AGGRESSIVE;
				CLANG_CXX_LANGUAGE_STANDARD = "gnu++0x";
				CLANG_CXX_LIBRARY = "libc++";
				CLANG_ENABLE_MODULES = YES;
				CLANG_ENABLE_OBJC_ARC = YES;
				CLANG_WARN_BOOL_CONVERSION = YES;
				CLANG_WARN_CONSTANT_CONVERSION = YES;
				CLANG_WARN_DIRECT_OBJC_ISA_USAGE = YES_ERROR;
				CLANG_WARN_DOCUMENTATION_COMMENTS = YES;
				CLANG_WARN_EMPTY_BODY = YES;
				CLANG_WARN_ENUM_CONVERSION = YES;
				CLANG_WARN_INFINITE_RECURSION = YES;
				CLANG_WARN_INT_CONVERSION = YES;
				CLANG_WARN_OBJC_ROOT_CLASS = YES_ERROR;
				CLANG_WARN_SUSPICIOUS_MOVE = YES;
				CLANG_WARN_UNREACHABLE_CODE = YES;
				CLANG_WARN__DUPLICATE_METHOD_MATCH = YES;
				"CODE_SIGN_IDENTITY[sdk=iphoneos*]" = "iPhone Developer";
				COPY_PHASE_STRIP = NO;
				DEBUG_INFORMATION_FORMAT = dwarf;
				ENABLE_STRICT_OBJC_MSGSEND = YES;
				ENABLE_TESTABILITY = YES;
				GCC_C_LANGUAGE_STANDARD = gnu99;
				GCC_DYNAMIC_NO_PIC = NO;
				GCC_NO_COMMON_BLOCKS = YES;
				GCC_OPTIMIZATION_LEVEL = 0;
				GCC_PREPROCESSOR_DEFINITIONS = (
					"DEBUG=1",
					"$(inherited)",
				);
				GCC_WARN_64_TO_32_BIT_CONVERSION = YES;
				GCC_WARN_ABOUT_RETURN_TYPE = YES_ERROR;
				GCC_WARN_UNDECLARED_SELECTOR = YES;
				GCC_WARN_UNINITIALIZED_AUTOS = YES_AGGRESSIVE;
				GCC_WARN_UNUSED_FUNCTION = YES;
				GCC_WARN_UNUSED_VARIABLE = YES;
				IPHONEOS_DEPLOYMENT_TARGET = 10.3;
				MTL_ENABLE_DEBUG_INFO = YES;
				ONLY_ACTIVE_ARCH = YES;
				SDKROOT = iphoneos;
				SWIFT_ACTIVE_COMPILATION_CONDITIONS = DEBUG;
				SWIFT_OPTIMIZATION_LEVEL = "-Onone";
				TARGETED_DEVICE_FAMILY = "1,2";
			};
			name = Debug;
		};
		21621FDE1ECF0643008EEDD2 /* Release */ = {
			isa = XCBuildConfiguration;
			buildSettings = {
				ALWAYS_SEARCH_USER_PATHS = NO;
				CLANG_ANALYZER_NONNULL = YES;
				CLANG_ANALYZER_NUMBER_OBJECT_CONVERSION = YES_AGGRESSIVE;
				CLANG_CXX_LANGUAGE_STANDARD = "gnu++0x";
				CLANG_CXX_LIBRARY = "libc++";
				CLANG_ENABLE_MODULES = YES;
				CLANG_ENABLE_OBJC_ARC = YES;
				CLANG_WARN_BOOL_CONVERSION = YES;
				CLANG_WARN_CONSTANT_CONVERSION = YES;
				CLANG_WARN_DIRECT_OBJC_ISA_USAGE = YES_ERROR;
				CLANG_WARN_DOCUMENTATION_COMMENTS = YES;
				CLANG_WARN_EMPTY_BODY = YES;
				CLANG_WARN_ENUM_CONVERSION = YES;
				CLANG_WARN_INFINITE_RECURSION = YES;
				CLANG_WARN_INT_CONVERSION = YES;
				CLANG_WARN_OBJC_ROOT_CLASS = YES_ERROR;
				CLANG_WARN_SUSPICIOUS_MOVE = YES;
				CLANG_WARN_UNREACHABLE_CODE = YES;
				CLANG_WARN__DUPLICATE_METHOD_MATCH = YES;
				"CODE_SIGN_IDENTITY[sdk=iphoneos*]" = "iPhone Developer";
				COPY_PHASE_STRIP = NO;
				DEBUG_INFORMATION_FORMAT = "dwarf-with-dsym";
				ENABLE_NS_ASSERTIONS = NO;
				ENABLE_STRICT_OBJC_MSGSEND = YES;
				GCC_C_LANGUAGE_STANDARD = gnu99;
				GCC_NO_COMMON_BLOCKS = YES;
				GCC_WARN_64_TO_32_BIT_CONVERSION = YES;
				GCC_WARN_ABOUT_RETURN_TYPE = YES_ERROR;
				GCC_WARN_UNDECLARED_SELECTOR = YES;
				GCC_WARN_UNINITIALIZED_AUTOS = YES_AGGRESSIVE;
				GCC_WARN_UNUSED_FUNCTION = YES;
				GCC_WARN_UNUSED_VARIABLE = YES;
				IPHONEOS_DEPLOYMENT_TARGET = 10.3;
				MTL_ENABLE_DEBUG_INFO = NO;
				SDKROOT = iphoneos;
				SWIFT_OPTIMIZATION_LEVEL = "-Owholemodule";
				TARGETED_DEVICE_FAMILY = "1,2";
				VALIDATE_PRODUCT = YES;
			};
			name = Release;
		};
		21621FE01ECF0643008EEDD2 /* Debug */ = {
			isa = XCBuildConfiguration;
			baseConfigurationReference = 2A8003012EA0451F129EF180 /* Pods-FMaandag-pset6.debug.xcconfig */;
			buildSettings = {
				ASSETCATALOG_COMPILER_APPICON_NAME = AppIcon;
				CODE_SIGN_ENTITLEMENTS = "FMaandag-pset6/FMaandag-pset6.entitlements";
				DEVELOPMENT_TEAM = 8FQYY82D7T;
				INFOPLIST_FILE = "FMaandag-pset6/Info.plist";
				LD_RUNPATH_SEARCH_PATHS = "$(inherited) @executable_path/Frameworks";
				PRODUCT_BUNDLE_IDENTIFIER = "nl.mprog.FMaandag-pset6";
				PRODUCT_NAME = "$(TARGET_NAME)";
				SWIFT_VERSION = 3.0;
			};
			name = Debug;
		};
		21621FE11ECF0643008EEDD2 /* Release */ = {
			isa = XCBuildConfiguration;
			baseConfigurationReference = 77C56DB14F294C631E666228 /* Pods-FMaandag-pset6.release.xcconfig */;
			buildSettings = {
				ASSETCATALOG_COMPILER_APPICON_NAME = AppIcon;
				CODE_SIGN_ENTITLEMENTS = "FMaandag-pset6/FMaandag-pset6.entitlements";
				DEVELOPMENT_TEAM = 8FQYY82D7T;
				INFOPLIST_FILE = "FMaandag-pset6/Info.plist";
				LD_RUNPATH_SEARCH_PATHS = "$(inherited) @executable_path/Frameworks";
				PRODUCT_BUNDLE_IDENTIFIER = "nl.mprog.FMaandag-pset6";
				PRODUCT_NAME = "$(TARGET_NAME)";
				SWIFT_VERSION = 3.0;
			};
			name = Release;
		};
/* End XCBuildConfiguration section */

/* Begin XCConfigurationList section */
		21621FC81ECF0642008EEDD2 /* Build configuration list for PBXProject "FMaandag-pset6" */ = {
			isa = XCConfigurationList;
			buildConfigurations = (
				21621FDD1ECF0643008EEDD2 /* Debug */,
				21621FDE1ECF0643008EEDD2 /* Release */,
			);
			defaultConfigurationIsVisible = 0;
			defaultConfigurationName = Release;
		};
		21621FDF1ECF0643008EEDD2 /* Build configuration list for PBXNativeTarget "FMaandag-pset6" */ = {
			isa = XCConfigurationList;
			buildConfigurations = (
				21621FE01ECF0643008EEDD2 /* Debug */,
				21621FE11ECF0643008EEDD2 /* Release */,
			);
			defaultConfigurationIsVisible = 0;
			defaultConfigurationName = Release;
		};
/* End XCConfigurationList section */
	};
	rootObject = 21621FC51ECF0642008EEDD2 /* Project object */;
}
